
Microsoft Visual Studio Solution File, Format Version 12.00
# Visual Studio Version 17
VisualStudioVersion = 17.14.36623.8 d17.14
MinimumVisualStudioVersion = 10.0.40219.1
Project("{FAE04EC0-301F-11D3-BF4B-00C04F79EFBC}") = "PoddApp.UI", "PoddApp.UI.csproj", "{FF8BEE8B-4116-4F1B-8923-D7F7AE0E66DA}"
EndProject
Project("{FAE04EC0-301F-11D3-BF4B-00C04F79EFBC}") = "PoddApp.BL", "..\PoddApp.BL\PoddApp.BL.csproj", "{F226CD04-7C48-4053-87BD-84385B8A622A}"
EndProject
Project("{FAE04EC0-301F-11D3-BF4B-00C04F79EFBC}") = "PoddApp.Services", "..\PoddApp.Services\PoddApp.Services.csproj", "{E3DDE1DC-B6AB-4DF4-8176-67AAB088467E}"
EndProject
Project("{FAE04EC0-301F-11D3-BF4B-00C04F79EFBC}") = "PoddApp.DAL", "..\PoddApp.DAL\PoddApp.DAL.csproj", "{AA3D44E8-9B5D-4EDE-B6C8-9C6ED916EAA3}"
EndProject
Project("{FAE04EC0-301F-11D3-BF4B-00C04F79EFBC}") = "PoddApp.Models", "..\PoddApp.Models\PoddApp.Models.csproj", "{81E2FD62-F3F6-4787-9995-091D6DBD20EE}"
EndProject
Global
	GlobalSection(SolutionConfigurationPlatforms) = preSolution
		Debug|Any CPU = Debug|Any CPU
		Release|Any CPU = Release|Any CPU
	EndGlobalSection
	GlobalSection(ProjectConfigurationPlatforms) = postSolution
		{FF8BEE8B-4116-4F1B-8923-D7F7AE0E66DA}.Debug|Any CPU.ActiveCfg = Debug|Any CPU
		{FF8BEE8B-4116-4F1B-8923-D7F7AE0E66DA}.Debug|Any CPU.Build.0 = Debug|Any CPU
		{FF8BEE8B-4116-4F1B-8923-D7F7AE0E66DA}.Release|Any CPU.ActiveCfg = Release|Any CPU
		{FF8BEE8B-4116-4F1B-8923-D7F7AE0E66DA}.Release|Any CPU.Build.0 = Release|Any CPU
		{F226CD04-7C48-4053-87BD-84385B8A622A}.Debug|Any CPU.ActiveCfg = Debug|Any CPU
		{F226CD04-7C48-4053-87BD-84385B8A622A}.Debug|Any CPU.Build.0 = Debug|Any CPU
		{F226CD04-7C48-4053-87BD-84385B8A622A}.Release|Any CPU.ActiveCfg = Release|Any CPU
		{F226CD04-7C48-4053-87BD-84385B8A622A}.Release|Any CPU.Build.0 = Release|Any CPU
		{E3DDE1DC-B6AB-4DF4-8176-67AAB088467E}.Debug|Any CPU.ActiveCfg = Debug|Any CPU
		{E3DDE1DC-B6AB-4DF4-8176-67AAB088467E}.Debug|Any CPU.Build.0 = Debug|Any CPU
		{E3DDE1DC-B6AB-4DF4-8176-67AAB088467E}.Release|Any CPU.ActiveCfg = Release|Any CPU
		{E3DDE1DC-B6AB-4DF4-8176-67AAB088467E}.Release|Any CPU.Build.0 = Release|Any CPU
		{AA3D44E8-9B5D-4EDE-B6C8-9C6ED916EAA3}.Debug|Any CPU.ActiveCfg = Debug|Any CPU
		{AA3D44E8-9B5D-4EDE-B6C8-9C6ED916EAA3}.Debug|Any CPU.Build.0 = Debug|Any CPU
		{AA3D44E8-9B5D-4EDE-B6C8-9C6ED916EAA3}.Release|Any CPU.ActiveCfg = Release|Any CPU
		{AA3D44E8-9B5D-4EDE-B6C8-9C6ED916EAA3}.Release|Any CPU.Build.0 = Release|Any CPU
		{81E2FD62-F3F6-4787-9995-091D6DBD20EE}.Debug|Any CPU.ActiveCfg = Debug|Any CPU
		{81E2FD62-F3F6-4787-9995-091D6DBD20EE}.Debug|Any CPU.Build.0 = Debug|Any CPU
		{81E2FD62-F3F6-4787-9995-091D6DBD20EE}.Release|Any CPU.ActiveCfg = Release|Any CPU
		{81E2FD62-F3F6-4787-9995-091D6DBD20EE}.Release|Any CPU.Build.0 = Release|Any CPU
	EndGlobalSection
	GlobalSection(SolutionProperties) = preSolution
		HideSolutionNode = FALSE
	EndGlobalSection
	GlobalSection(ExtensibilityGlobals) = postSolution
		SolutionGuid = {8583E2FB-30E9-4E97-A220-33C471A3602E}
	EndGlobalSection
EndGlobal
